
Microsoft Visual Studio Solution File, Format Version 12.00
# Visual Studio 15
Project("{FAE04EC0-301F-11D3-BF4B-00C04F79EFBC}") = "CATCHScripts", "CATCHScripts.csproj", "{25E487C6-6D1B-7B46-A7A4-1A39DE9B6B3A}"
EndProject
Project("{FAE04EC0-301F-11D3-BF4B-00C04F79EFBC}") = "Assembly-CSharp", "Assembly-CSharp.csproj", "{783C5ED6-F00F-B2FF-0AFD-C766D72855CB}"
EndProject
Project("{FAE04EC0-301F-11D3-BF4B-00C04F79EFBC}") = "Scripts", "Scripts.csproj", "{649ACBC1-FB20-C217-134B-D431DD3592FB}"
EndProject
Project("{FAE04EC0-301F-11D3-BF4B-00C04F79EFBC}") = "HERDEditMode", "HERDEditMode.csproj", "{348CE3C6-F482-8416-14D5-9697FC02A5FC}"
EndProject
Project("{FAE04EC0-301F-11D3-BF4B-00C04F79EFBC}") = "HERDscripts", "HERDscripts.csproj", "{C56ACAE0-BD01-D04A-2565-1F6FBFF18E77}"
EndProject
Project("{FAE04EC0-301F-11D3-BF4B-00C04F79EFBC}") = "LevelSelectScripts", "LevelSelectScripts.csproj", "{5EC76166-8B3C-205E-E3A1-768A76EF1FF2}"
EndProject
Project("{FAE04EC0-301F-11D3-BF4B-00C04F79EFBC}") = "CUTEditMode", "CUTEditMode.csproj", "{05894733-1151-F692-9C6C-6E538E796ED3}"
EndProject
Project("{FAE04EC0-301F-11D3-BF4B-00C04F79EFBC}") = "CATCHEditMode", "CATCHEditMode.csproj", "{910D5B12-2B43-247A-50A3-8E8E96313984}"
EndProject
Project("{FAE04EC0-301F-11D3-BF4B-00C04F79EFBC}") = "EditMode", "EditMode.csproj", "{E8C05612-4AA9-7EF7-C320-6FC5DBA9DA22}"
EndProject
Global
	GlobalSection(SolutionConfigurationPlatforms) = preSolution
		Debug|Any CPU = Debug|Any CPU
		Release|Any CPU = Release|Any CPU
	EndGlobalSection
	GlobalSection(ProjectConfigurationPlatforms) = postSolution
		{25E487C6-6D1B-7B46-A7A4-1A39DE9B6B3A}.Debug|Any CPU.ActiveCfg = Debug|Any CPU
		{25E487C6-6D1B-7B46-A7A4-1A39DE9B6B3A}.Debug|Any CPU.Build.0 = Debug|Any CPU
		{25E487C6-6D1B-7B46-A7A4-1A39DE9B6B3A}.Release|Any CPU.ActiveCfg = Release|Any CPU
		{25E487C6-6D1B-7B46-A7A4-1A39DE9B6B3A}.Release|Any CPU.Build.0 = Release|Any CPU
		{783C5ED6-F00F-B2FF-0AFD-C766D72855CB}.Debug|Any CPU.ActiveCfg = Debug|Any CPU
		{783C5ED6-F00F-B2FF-0AFD-C766D72855CB}.Debug|Any CPU.Build.0 = Debug|Any CPU
		{783C5ED6-F00F-B2FF-0AFD-C766D72855CB}.Release|Any CPU.ActiveCfg = Release|Any CPU
		{783C5ED6-F00F-B2FF-0AFD-C766D72855CB}.Release|Any CPU.Build.0 = Release|Any CPU
		{649ACBC1-FB20-C217-134B-D431DD3592FB}.Debug|Any CPU.ActiveCfg = Debug|Any CPU
		{649ACBC1-FB20-C217-134B-D431DD3592FB}.Debug|Any CPU.Build.0 = Debug|Any CPU
		{649ACBC1-FB20-C217-134B-D431DD3592FB}.Release|Any CPU.ActiveCfg = Release|Any CPU
		{649ACBC1-FB20-C217-134B-D431DD3592FB}.Release|Any CPU.Build.0 = Release|Any CPU
		{348CE3C6-F482-8416-14D5-9697FC02A5FC}.Debug|Any CPU.ActiveCfg = Debug|Any CPU
		{348CE3C6-F482-8416-14D5-9697FC02A5FC}.Debug|Any CPU.Build.0 = Debug|Any CPU
		{348CE3C6-F482-8416-14D5-9697FC02A5FC}.Release|Any CPU.ActiveCfg = Release|Any CPU
		{348CE3C6-F482-8416-14D5-9697FC02A5FC}.Release|Any CPU.Build.0 = Release|Any CPU
		{C56ACAE0-BD01-D04A-2565-1F6FBFF18E77}.Debug|Any CPU.ActiveCfg = Debug|Any CPU
		{C56ACAE0-BD01-D04A-2565-1F6FBFF18E77}.Debug|Any CPU.Build.0 = Debug|Any CPU
		{C56ACAE0-BD01-D04A-2565-1F6FBFF18E77}.Release|Any CPU.ActiveCfg = Release|Any CPU
		{C56ACAE0-BD01-D04A-2565-1F6FBFF18E77}.Release|Any CPU.Build.0 = Release|Any CPU
		{5EC76166-8B3C-205E-E3A1-768A76EF1FF2}.Debug|Any CPU.ActiveCfg = Debug|Any CPU
		{5EC76166-8B3C-205E-E3A1-768A76EF1FF2}.Debug|Any CPU.Build.0 = Debug|Any CPU
		{5EC76166-8B3C-205E-E3A1-768A76EF1FF2}.Release|Any CPU.ActiveCfg = Release|Any CPU
		{5EC76166-8B3C-205E-E3A1-768A76EF1FF2}.Release|Any CPU.Build.0 = Release|Any CPU
		{05894733-1151-F692-9C6C-6E538E796ED3}.Debug|Any CPU.ActiveCfg = Debug|Any CPU
		{05894733-1151-F692-9C6C-6E538E796ED3}.Debug|Any CPU.Build.0 = Debug|Any CPU
		{05894733-1151-F692-9C6C-6E538E796ED3}.Release|Any CPU.ActiveCfg = Release|Any CPU
		{05894733-1151-F692-9C6C-6E538E796ED3}.Release|Any CPU.Build.0 = Release|Any CPU
		{910D5B12-2B43-247A-50A3-8E8E96313984}.Debug|Any CPU.ActiveCfg = Debug|Any CPU
		{910D5B12-2B43-247A-50A3-8E8E96313984}.Debug|Any CPU.Build.0 = Debug|Any CPU
		{910D5B12-2B43-247A-50A3-8E8E96313984}.Release|Any CPU.ActiveCfg = Release|Any CPU
		{910D5B12-2B43-247A-50A3-8E8E96313984}.Release|Any CPU.Build.0 = Release|Any CPU
		{E8C05612-4AA9-7EF7-C320-6FC5DBA9DA22}.Debug|Any CPU.ActiveCfg = Debug|Any CPU
		{E8C05612-4AA9-7EF7-C320-6FC5DBA9DA22}.Debug|Any CPU.Build.0 = Debug|Any CPU
		{E8C05612-4AA9-7EF7-C320-6FC5DBA9DA22}.Release|Any CPU.ActiveCfg = Release|Any CPU
		{E8C05612-4AA9-7EF7-C320-6FC5DBA9DA22}.Release|Any CPU.Build.0 = Release|Any CPU
	EndGlobalSection
	GlobalSection(SolutionProperties) = preSolution
		HideSolutionNode = FALSE
	EndGlobalSection
EndGlobal
