
Microsoft Visual Studio Solution File, Format Version 11.00
# Visual Studio 2010
Project("{FAE04EC0-301F-11D3-BF4B-00C04F79EFBC}") = "TestScript", "TestScript.csproj", "{11df9b85-2038-9e4f-a058-effcf341ab11}"
EndProject
Project("{FAE04EC0-301F-11D3-BF4B-00C04F79EFBC}") = "Tests", "Tests.csproj", "{53e1ba57-40c8-53da-73fa-8ddced082acf}"
EndProject
Global
	GlobalSection(SolutionConfigurationPlatforms) = preSolution
		Debug|Any CPU = Debug|Any CPU
	EndGlobalSection
	GlobalSection(ProjectConfigurationPlatforms) = postSolution
		{11df9b85-2038-9e4f-a058-effcf341ab11}.Debug|Any CPU.ActiveCfg = Debug|Any CPU
		{11df9b85-2038-9e4f-a058-effcf341ab11}.Debug|Any CPU.Build.0 = Debug|Any CPU
		{53e1ba57-40c8-53da-73fa-8ddced082acf}.Debug|Any CPU.ActiveCfg = Debug|Any CPU
		{53e1ba57-40c8-53da-73fa-8ddced082acf}.Debug|Any CPU.Build.0 = Debug|Any CPU
	EndGlobalSection
	GlobalSection(SolutionProperties) = preSolution
		HideSolutionNode = FALSE
	EndGlobalSection
EndGlobal
