
Microsoft Visual Studio Solution File, Format Version 11.00
# Visual Studio 2010
Project("{FAE04EC0-301F-11D3-BF4B-00C04F79EFBC}") = "TestScript", "TestScript.csproj", "{859BDF11-3820-4F9E-A058-EFFCF341AB11}"
EndProject
Project("{FAE04EC0-301F-11D3-BF4B-00C04F79EFBC}") = "Tests", "Tests.csproj", "{57BAE153-C840-DA53-73FA-8DDCED082ACF}"
EndProject
Global
	GlobalSection(SolutionConfigurationPlatforms) = preSolution
		Debug|Any CPU = Debug|Any CPU
		Release|Any CPU = Release|Any CPU
	EndGlobalSection
	GlobalSection(ProjectConfigurationPlatforms) = postSolution
		{859BDF11-3820-4F9E-A058-EFFCF341AB11}.Debug|Any CPU.ActiveCfg = Debug|Any CPU
		{859BDF11-3820-4F9E-A058-EFFCF341AB11}.Debug|Any CPU.Build.0 = Debug|Any CPU
		{859BDF11-3820-4F9E-A058-EFFCF341AB11}.Release|Any CPU.ActiveCfg = Release|Any CPU
		{859BDF11-3820-4F9E-A058-EFFCF341AB11}.Release|Any CPU.Build.0 = Release|Any CPU
		{57BAE153-C840-DA53-73FA-8DDCED082ACF}.Debug|Any CPU.ActiveCfg = Debug|Any CPU
		{57BAE153-C840-DA53-73FA-8DDCED082ACF}.Debug|Any CPU.Build.0 = Debug|Any CPU
		{57BAE153-C840-DA53-73FA-8DDCED082ACF}.Release|Any CPU.ActiveCfg = Release|Any CPU
		{57BAE153-C840-DA53-73FA-8DDCED082ACF}.Release|Any CPU.Build.0 = Release|Any CPU
	EndGlobalSection
	GlobalSection(SolutionProperties) = preSolution
		HideSolutionNode = FALSE
	EndGlobalSection
EndGlobal
